
Microsoft Visual Studio Solution File, Format Version 12.00
# Visual Studio Version 16
VisualStudioVersion = 16.0.31005.135
MinimumVisualStudioVersion = 10.0.40219.1
Project("{FAE04EC0-301F-11D3-BF4B-00C04F79EFBC}") = "utf8-converter-windows", "utf8-converter-windows\utf8-converter-windows.csproj", "{ABFA14F2-DB33-47CB-912F-E39E1DE2EC75}"
EndProject
Global
	GlobalSection(SolutionConfigurationPlatforms) = preSolution
		Debug|Any CPU = Debug|Any CPU
		Release|Any CPU = Release|Any CPU
	EndGlobalSection
	GlobalSection(ProjectConfigurationPlatforms) = postSolution
		{ABFA14F2-DB33-47CB-912F-E39E1DE2EC75}.Debug|Any CPU.ActiveCfg = Debug|Any CPU
		{ABFA14F2-DB33-47CB-912F-E39E1DE2EC75}.Debug|Any CPU.Build.0 = Debug|Any CPU
		{ABFA14F2-DB33-47CB-912F-E39E1DE2EC75}.Release|Any CPU.ActiveCfg = Release|Any CPU
		{ABFA14F2-DB33-47CB-912F-E39E1DE2EC75}.Release|Any CPU.Build.0 = Release|Any CPU
	EndGlobalSection
	GlobalSection(SolutionProperties) = preSolution
		HideSolutionNode = FALSE
	EndGlobalSection
	GlobalSection(ExtensibilityGlobals) = postSolution
		SolutionGuid = {C21BC7D6-B31C-4703-A9A3-C82DFF12C211}
	EndGlobalSection
EndGlobal
